
Microsoft Visual Studio Solution File, Format Version 12.00
# Visual Studio 15
VisualStudioVersion = 15.0.27703.2000
MinimumVisualStudioVersion = 10.0.40219.1
Project("{FAE04EC0-301F-11D3-BF4B-00C04F79EFBC}") = "AzureStorageExample.Api", "AzureStorageExample.Api\AzureStorageExample.Api.csproj", "{A012C3BA-F64D-4551-9D93-EC920A1B7780}"
EndProject
Project("{FAE04EC0-301F-11D3-BF4B-00C04F79EFBC}") = "AzureStorageExample.AzureUtilities", "AzureStorageExample.AzureUtilities\AzureStorageExample.AzureUtilities.csproj", "{718AE68D-B129-4AE1-AEE1-C7BFFE9CC7F2}"
EndProject
Project("{FAE04EC0-301F-11D3-BF4B-00C04F79EFBC}") = "AzureStorageExample.UnitTest", "AzureStorageExample.UnitTest\AzureStorageExample.UnitTest.csproj", "{73B65B2C-5E6F-45EE-9C7F-2244330FEC57}"
EndProject
Global
	GlobalSection(SolutionConfigurationPlatforms) = preSolution
		Debug|Any CPU = Debug|Any CPU
		Release|Any CPU = Release|Any CPU
	EndGlobalSection
	GlobalSection(ProjectConfigurationPlatforms) = postSolution
		{A012C3BA-F64D-4551-9D93-EC920A1B7780}.Debug|Any CPU.ActiveCfg = Debug|Any CPU
		{A012C3BA-F64D-4551-9D93-EC920A1B7780}.Debug|Any CPU.Build.0 = Debug|Any CPU
		{A012C3BA-F64D-4551-9D93-EC920A1B7780}.Release|Any CPU.ActiveCfg = Release|Any CPU
		{A012C3BA-F64D-4551-9D93-EC920A1B7780}.Release|Any CPU.Build.0 = Release|Any CPU
		{718AE68D-B129-4AE1-AEE1-C7BFFE9CC7F2}.Debug|Any CPU.ActiveCfg = Debug|Any CPU
		{718AE68D-B129-4AE1-AEE1-C7BFFE9CC7F2}.Debug|Any CPU.Build.0 = Debug|Any CPU
		{718AE68D-B129-4AE1-AEE1-C7BFFE9CC7F2}.Release|Any CPU.ActiveCfg = Release|Any CPU
		{718AE68D-B129-4AE1-AEE1-C7BFFE9CC7F2}.Release|Any CPU.Build.0 = Release|Any CPU
		{73B65B2C-5E6F-45EE-9C7F-2244330FEC57}.Debug|Any CPU.ActiveCfg = Debug|Any CPU
		{73B65B2C-5E6F-45EE-9C7F-2244330FEC57}.Debug|Any CPU.Build.0 = Debug|Any CPU
		{73B65B2C-5E6F-45EE-9C7F-2244330FEC57}.Release|Any CPU.ActiveCfg = Release|Any CPU
		{73B65B2C-5E6F-45EE-9C7F-2244330FEC57}.Release|Any CPU.Build.0 = Release|Any CPU
	EndGlobalSection
	GlobalSection(SolutionProperties) = preSolution
		HideSolutionNode = FALSE
	EndGlobalSection
	GlobalSection(ExtensibilityGlobals) = postSolution
		SolutionGuid = {86451F4B-29FB-40BD-A6B6-1F104A9E09B7}
	EndGlobalSection
EndGlobal
